// !$*UTF8*$!
{
	archiveVersion = 1;
	classes = {
	};
	objectVersion = 46;
	objects = {

/* Begin PBXBuildFile section */
		64A9B0C11A4EB3C4006C1C5D /* AppDelegate.swift in Sources */ = {isa = PBXBuildFile; fileRef = 64A9B0C01A4EB3C4006C1C5D /* AppDelegate.swift */; };
		64A9B0C61A4EB3C4006C1C5D /* Main.storyboard in Resources */ = {isa = PBXBuildFile; fileRef = 64A9B0C41A4EB3C4006C1C5D /* Main.storyboard */; };
		64A9B0C81A4EB3C4006C1C5D /* Images.xcassets in Resources */ = {isa = PBXBuildFile; fileRef = 64A9B0C71A4EB3C4006C1C5D /* Images.xcassets */; };
		64A9B0D71A4EB3C4006C1C5D /* VegetablesTests.swift in Sources */ = {isa = PBXBuildFile; fileRef = 64A9B0D61A4EB3C4006C1C5D /* VegetablesTests.swift */; };
		64A9B0E11A4EB4A6006C1C5D /* Vegetables.swift in Sources */ = {isa = PBXBuildFile; fileRef = 64A9B0E01A4EB4A6006C1C5D /* Vegetables.swift */; };
		64A9B0E51A4EB585006C1C5D /* ViewController.swift in Sources */ = {isa = PBXBuildFile; fileRef = 64A9B0E41A4EB585006C1C5D /* ViewController.swift */; };
/* End PBXBuildFile section */

/* Begin PBXContainerItemProxy section */
		64A9B0D11A4EB3C4006C1C5D /* PBXContainerItemProxy */ = {
			isa = PBXContainerItemProxy;
			containerPortal = 64A9B0B31A4EB3C4006C1C5D /* Project object */;
			proxyType = 1;
			remoteGlobalIDString = 64A9B0BA1A4EB3C4006C1C5D;
			remoteInfo = Vegetables;
		};
/* End PBXContainerItemProxy section */

/* Begin PBXFileReference section */
		64A9B0BB1A4EB3C4006C1C5D /* Vegetables.app */ = {isa = PBXFileReference; explicitFileType = wrapper.application; includeInIndex = 0; path = Vegetables.app; sourceTree = BUILT_PRODUCTS_DIR; };
		64A9B0BF1A4EB3C4006C1C5D /* Info.plist */ = {isa = PBXFileReference; lastKnownFileType = text.plist.xml; path = Info.plist; sourceTree = "<group>"; };
		64A9B0C01A4EB3C4006C1C5D /* AppDelegate.swift */ = {isa = PBXFileReference; lastKnownFileType = sourcecode.swift; path = AppDelegate.swift; sourceTree = "<group>"; };
		64A9B0C51A4EB3C4006C1C5D /* Base */ = {isa = PBXFileReference; lastKnownFileType = file.storyboard; name = Base; path = Base.lproj/Main.storyboard; sourceTree = "<group>"; };
		64A9B0C71A4EB3C4006C1C5D /* Images.xcassets */ = {isa = PBXFileReference; lastKnownFileType = folder.assetcatalog; path = Images.xcassets; sourceTree = "<group>"; };
		64A9B0D01A4EB3C4006C1C5D /* VegetablesTests.xctest */ = {isa = PBXFileReference; explicitFileType = wrapper.cfbundle; includeInIndex = 0; path = VegetablesTests.xctest; sourceTree = BUILT_PRODUCTS_DIR; };
		64A9B0D51A4EB3C4006C1C5D /* Info.plist */ = {isa = PBXFileReference; lastKnownFileType = text.plist.xml; path = Info.plist; sourceTree = "<group>"; };
		64A9B0D61A4EB3C4006C1C5D /* VegetablesTests.swift */ = {isa = PBXFileReference; lastKnownFileType = sourcecode.swift; path = VegetablesTests.swift; sourceTree = "<group>"; };
		64A9B0E01A4EB4A6006C1C5D /* Vegetables.swift */ = {isa = PBXFileReference; fileEncoding = 4; lastKnownFileType = sourcecode.swift; path = Vegetables.swift; sourceTree = "<group>"; };
		64A9B0E41A4EB585006C1C5D /* ViewController.swift */ = {isa = PBXFileReference; fileEncoding = 4; lastKnownFileType = sourcecode.swift; path = ViewController.swift; sourceTree = "<group>"; };
/* End PBXFileReference section */

/* Begin PBXFrameworksBuildPhase section */
		64A9B0B81A4EB3C4006C1C5D /* Frameworks */ = {
			isa = PBXFrameworksBuildPhase;
			buildActionMask = 2147483647;
			files = (
			);
			runOnlyForDeploymentPostprocessing = 0;
		};
		64A9B0CD1A4EB3C4006C1C5D /* Frameworks */ = {
			isa = PBXFrameworksBuildPhase;
			buildActionMask = 2147483647;
			files = (
			);
			runOnlyForDeploymentPostprocessing = 0;
		};
/* End PBXFrameworksBuildPhase section */

/* Begin PBXGroup section */
		64A9B0B21A4EB3C4006C1C5D = {
			isa = PBXGroup;
			children = (
				64A9B0BD1A4EB3C4006C1C5D /* Vegetables */,
				64A9B0D31A4EB3C4006C1C5D /* VegetablesTests */,
				64A9B0BC1A4EB3C4006C1C5D /* Products */,
			);
			sourceTree = "<group>";
		};
		64A9B0BC1A4EB3C4006C1C5D /* Products */ = {
			isa = PBXGroup;
			children = (
				64A9B0BB1A4EB3C4006C1C5D /* Vegetables.app */,
				64A9B0D01A4EB3C4006C1C5D /* VegetablesTests.xctest */,
			);
			name = Products;
			sourceTree = "<group>";
		};
		64A9B0BD1A4EB3C4006C1C5D /* Vegetables */ = {
			isa = PBXGroup;
			children = (
				64A9B0C01A4EB3C4006C1C5D /* AppDelegate.swift */,
				64A9B0C41A4EB3C4006C1C5D /* Main.storyboard */,
				64A9B0C71A4EB3C4006C1C5D /* Images.xcassets */,
				64A9B0BE1A4EB3C4006C1C5D /* Supporting Files */,
				64A9B0E01A4EB4A6006C1C5D /* Vegetables.swift */,
				64A9B0E41A4EB585006C1C5D /* ViewController.swift */,
			);
			path = Vegetables;
			sourceTree = "<group>";
		};
		64A9B0BE1A4EB3C4006C1C5D /* Supporting Files */ = {
			isa = PBXGroup;
			children = (
				64A9B0BF1A4EB3C4006C1C5D /* Info.plist */,
			);
			name = "Supporting Files";
			sourceTree = "<group>";
		};
		64A9B0D31A4EB3C4006C1C5D /* VegetablesTests */ = {
			isa = PBXGroup;
			children = (
				64A9B0D61A4EB3C4006C1C5D /* VegetablesTests.swift */,
				64A9B0D41A4EB3C4006C1C5D /* Supporting Files */,
			);
			path = VegetablesTests;
			sourceTree = "<group>";
		};
		64A9B0D41A4EB3C4006C1C5D /* Supporting Files */ = {
			isa = PBXGroup;
			children = (
				64A9B0D51A4EB3C4006C1C5D /* Info.plist */,
			);
			name = "Supporting Files";
			sourceTree = "<group>";
		};
/* End PBXGroup section */

/* Begin PBXNativeTarget section */
		64A9B0BA1A4EB3C4006C1C5D /* Vegetables */ = {
			isa = PBXNativeTarget;
			buildConfigurationList = 64A9B0DA1A4EB3C4006C1C5D /* Build configuration list for PBXNativeTarget "Vegetables" */;
			buildPhases = (
				64A9B0B71A4EB3C4006C1C5D /* Sources */,
				64A9B0B81A4EB3C4006C1C5D /* Frameworks */,
				64A9B0B91A4EB3C4006C1C5D /* Resources */,
			);
			buildRules = (
			);
			dependencies = (
			);
			name = Vegetables;
			productName = Vegetables;
			productReference = 64A9B0BB1A4EB3C4006C1C5D /* Vegetables.app */;
			productType = "com.apple.product-type.application";
		};
		64A9B0CF1A4EB3C4006C1C5D /* VegetablesTests */ = {
			isa = PBXNativeTarget;
			buildConfigurationList = 64A9B0DD1A4EB3C4006C1C5D /* Build configuration list for PBXNativeTarget "VegetablesTests" */;
			buildPhases = (
				64A9B0CC1A4EB3C4006C1C5D /* Sources */,
				64A9B0CD1A4EB3C4006C1C5D /* Frameworks */,
				64A9B0CE1A4EB3C4006C1C5D /* Resources */,
			);
			buildRules = (
			);
			dependencies = (
				64A9B0D21A4EB3C4006C1C5D /* PBXTargetDependency */,
			);
			name = VegetablesTests;
			productName = VegetablesTests;
			productReference = 64A9B0D01A4EB3C4006C1C5D /* VegetablesTests.xctest */;
			productType = "com.apple.product-type.bundle.unit-test";
		};
/* End PBXNativeTarget section */

/* Begin PBXProject section */
		64A9B0B31A4EB3C4006C1C5D /* Project object */ = {
			isa = PBXProject;
			attributes = {
				LastUpgradeCheck = 0610;
				ORGANIZATIONNAME = "The Ministry";
				TargetAttributes = {
					64A9B0BA1A4EB3C4006C1C5D = {
						CreatedOnToolsVersion = 6.1.1;
					};
					64A9B0CF1A4EB3C4006C1C5D = {
						CreatedOnToolsVersion = 6.1.1;
						TestTargetID = 64A9B0BA1A4EB3C4006C1C5D;
					};
				};
			};
			buildConfigurationList = 64A9B0B61A4EB3C4006C1C5D /* Build configuration list for PBXProject "Vegetables" */;
			compatibilityVersion = "Xcode 3.2";
			developmentRegion = English;
			hasScannedForEncodings = 0;
			knownRegions = (
				en,
				Base,
			);
			mainGroup = 64A9B0B21A4EB3C4006C1C5D;
			productRefGroup = 64A9B0BC1A4EB3C4006C1C5D /* Products */;
			projectDirPath = "";
			projectRoot = "";
			targets = (
				64A9B0BA1A4EB3C4006C1C5D /* Vegetables */,
				64A9B0CF1A4EB3C4006C1C5D /* VegetablesTests */,
			);
		};
/* End PBXProject section */

/* Begin PBXResourcesBuildPhase section */
		64A9B0B91A4EB3C4006C1C5D /* Resources */ = {
			isa = PBXResourcesBuildPhase;
			buildActionMask = 2147483647;
			files = (
				64A9B0C61A4EB3C4006C1C5D /* Main.storyboard in Resources */,
				64A9B0C81A4EB3C4006C1C5D /* Images.xcassets in Resources */,
			);
			runOnlyForDeploymentPostprocessing = 0;
		};
		64A9B0CE1A4EB3C4006C1C5D /* Resources */ = {
			isa = PBXResourcesBuildPhase;
			buildActionMask = 2147483647;
			files = (
			);
			runOnlyForDeploymentPostprocessing = 0;
		};
/* End PBXResourcesBuildPhase section */

/* Begin PBXSourcesBuildPhase section */
		64A9B0B71A4EB3C4006C1C5D /* Sources */ = {
			isa = PBXSourcesBuildPhase;
			buildActionMask = 2147483647;
			files = (
				64A9B0E51A4EB585006C1C5D /* ViewController.swift in Sources */,
				64A9B0E11A4EB4A6006C1C5D /* Vegetables.swift in Sources */,
				64A9B0C11A4EB3C4006C1C5D /* AppDelegate.swift in Sources */,
			);
			runOnlyForDeploymentPostprocessing = 0;
		};
		64A9B0CC1A4EB3C4006C1C5D /* Sources */ = {
			isa = PBXSourcesBuildPhase;
			buildActionMask = 2147483647;
			files = (
				64A9B0D71A4EB3C4006C1C5D /* VegetablesTests.swift in Sources */,
			);
			runOnlyForDeploymentPostprocessing = 0;
		};
/* End PBXSourcesBuildPhase section */

/* Begin PBXTargetDependency section */
		64A9B0D21A4EB3C4006C1C5D /* PBXTargetDependency */ = {
			isa = PBXTargetDependency;
			target = 64A9B0BA1A4EB3C4006C1C5D /* Vegetables */;
			targetProxy = 64A9B0D11A4EB3C4006C1C5D /* PBXContainerItemProxy */;
		};
/* End PBXTargetDependency section */

/* Begin PBXVariantGroup section */
		64A9B0C41A4EB3C4006C1C5D /* Main.storyboard */ = {
			isa = PBXVariantGroup;
			children = (
				64A9B0C51A4EB3C4006C1C5D /* Base */,
			);
			name = Main.storyboard;
			sourceTree = "<group>";
		};
/* End PBXVariantGroup section */

/* Begin XCBuildConfiguration section */
		64A9B0D81A4EB3C4006C1C5D /* Debug */ = {
			isa = XCBuildConfiguration;
			buildSettings = {
				ALWAYS_SEARCH_USER_PATHS = NO;
				CLANG_CXX_LANGUAGE_STANDARD = "gnu++0x";
				CLANG_CXX_LIBRARY = "libc++";
				CLANG_ENABLE_MODULES = YES;
				CLANG_ENABLE_OBJC_ARC = YES;
				CLANG_WARN_BOOL_CONVERSION = YES;
				CLANG_WARN_CONSTANT_CONVERSION = YES;
				CLANG_WARN_DIRECT_OBJC_ISA_USAGE = YES_ERROR;
				CLANG_WARN_EMPTY_BODY = YES;
				CLANG_WARN_ENUM_CONVERSION = YES;
				CLANG_WARN_INT_CONVERSION = YES;
				CLANG_WARN_OBJC_ROOT_CLASS = YES_ERROR;
				CLANG_WARN_UNREACHABLE_CODE = YES;
				CLANG_WARN__DUPLICATE_METHOD_MATCH = YES;
				"CODE_SIGN_IDENTITY[sdk=iphoneos*]" = "iPhone Developer";
				COPY_PHASE_STRIP = NO;
				ENABLE_STRICT_OBJC_MSGSEND = YES;
				GCC_C_LANGUAGE_STANDARD = gnu99;
				GCC_DYNAMIC_NO_PIC = NO;
				GCC_OPTIMIZATION_LEVEL = 0;
				GCC_PREPROCESSOR_DEFINITIONS = (
					"DEBUG=1",
					"$(inherited)",
				);
				GCC_SYMBOLS_PRIVATE_EXTERN = NO;
				GCC_WARN_64_TO_32_BIT_CONVERSION = YES;
				GCC_WARN_ABOUT_RETURN_TYPE = YES_ERROR;
				GCC_WARN_UNDECLARED_SELECTOR = YES;
				GCC_WARN_UNINITIALIZED_AUTOS = YES_AGGRESSIVE;
				GCC_WARN_UNUSED_FUNCTION = YES;
				GCC_WARN_UNUSED_VARIABLE = YES;
				IPHONEOS_DEPLOYMENT_TARGET = 8.1;
				MTL_ENABLE_DEBUG_INFO = YES;
				ONLY_ACTIVE_ARCH = YES;
				SDKROOT = iphoneos;
				SWIFT_OPTIMIZATION_LEVEL = "-Onone";
			};
			name = Debug;
		};
		64A9B0D91A4EB3C4006C1C5D /* Release */ = {
			isa = XCBuildConfiguration;
			buildSettings = {
				ALWAYS_SEARCH_USER_PATHS = NO;
				CLANG_CXX_LANGUAGE_STANDARD = "gnu++0x";
				CLANG_CXX_LIBRARY = "libc++";
				CLANG_ENABLE_MODULES = YES;
				CLANG_ENABLE_OBJC_ARC = YES;
				CLANG_WARN_BOOL_CONVERSION = YES;
				CLANG_WARN_CONSTANT_CONVERSION = YES;
				CLANG_WARN_DIRECT_OBJC_ISA_USAGE = YES_ERROR;
				CLANG_WARN_EMPTY_BODY = YES;
				CLANG_WARN_ENUM_CONVERSION = YES;
				CLANG_WARN_INT_CONVERSION = YES;
				CLANG_WARN_OBJC_ROOT_CLASS = YES_ERROR;
				CLANG_WARN_UNREACHABLE_CODE = YES;
				CLANG_WARN__DUPLICATE_METHOD_MATCH = YES;
				"CODE_SIGN_IDENTITY[sdk=iphoneos*]" = "iPhone Developer";
				COPY_PHASE_STRIP = YES;
				ENABLE_NS_ASSERTIONS = NO;
				ENABLE_STRICT_OBJC_MSGSEND = YES;
				GCC_C_LANGUAGE_STANDARD = gnu99;
				GCC_WARN_64_TO_32_BIT_CONVERSION = YES;
				GCC_WARN_ABOUT_RETURN_TYPE = YES_ERROR;
				GCC_WARN_UNDECLARED_SELECTOR = YES;
				GCC_WARN_UNINITIALIZED_AUTOS = YES_AGGRESSIVE;
				GCC_WARN_UNUSED_FUNCTION = YES;
				GCC_WARN_UNUSED_VARIABLE = YES;
				IPHONEOS_DEPLOYMENT_TARGET = 8.1;
				MTL_ENABLE_DEBUG_INFO = NO;
				SDKROOT = iphoneos;
				VALIDATE_PRODUCT = YES;
			};
			name = Release;
		};
		64A9B0DB1A4EB3C4006C1C5D /* Debug */ = {
			isa = XCBuildConfiguration;
			buildSettings = {
				ASSETCATALOG_COMPILER_APPICON_NAME = AppIcon;
				INFOPLIST_FILE = Vegetables/Info.plist;
				LD_RUNPATH_SEARCH_PATHS = "$(inherited) @executable_path/Frameworks";
				PRODUCT_NAME = "$(TARGET_NAME)";
			};
			name = Debug;
		};
		64A9B0DC1A4EB3C4006C1C5D /* Release */ = {
			isa = XCBuildConfiguration;
			buildSettings = {
				ASSETCATALOG_COMPILER_APPICON_NAME = AppIcon;
				INFOPLIST_FILE = Vegetables/Info.plist;
				LD_RUNPATH_SEARCH_PATHS = "$(inherited) @executable_path/Frameworks";
				PRODUCT_NAME = "$(TARGET_NAME)";
			};
			name = Release;
		};
		64A9B0DE1A4EB3C4006C1C5D /* Debug */ = {
			isa = XCBuildConfiguration;
			buildSettings = {
				BUNDLE_LOADER = "$(TEST_HOST)";
				FRAMEWORK_SEARCH_PATHS = (
					"$(SDKROOT)/Developer/Library/Frameworks",
					"$(inherited)",
				);
				GCC_PREPROCESSOR_DEFINITIONS = (
					"DEBUG=1",
					"$(inherited)",
				);
				INFOPLIST_FILE = VegetablesTests/Info.plist;
				LD_RUNPATH_SEARCH_PATHS = "$(inherited) @executable_path/Frameworks @loader_path/Frameworks";
				PRODUCT_NAME = "$(TARGET_NAME)";
				TEST_HOST = "$(BUILT_PRODUCTS_DIR)/Vegetables.app/Vegetables";
			};
			name = Debug;
		};
		64A9B0DF1A4EB3C4006C1C5D /* Release */ = {
			isa = XCBuildConfiguration;
			buildSettings = {
				BUNDLE_LOADER = "$(TEST_HOST)";
				FRAMEWORK_SEARCH_PATHS = (
					"$(SDKROOT)/Developer/Library/Frameworks",
					"$(inherited)",
				);
				INFOPLIST_FILE = VegetablesTests/Info.plist;
				LD_RUNPATH_SEARCH_PATHS = "$(inherited) @executable_path/Frameworks @loader_path/Frameworks";
				PRODUCT_NAME = "$(TARGET_NAME)";
				TEST_HOST = "$(BUILT_PRODUCTS_DIR)/Vegetables.app/Vegetables";
			};
			name = Release;
		};
/* End XCBuildConfiguration section */

/* Begin XCConfigurationList section */
		64A9B0B61A4EB3C4006C1C5D /* Build configuration list for PBXProject "Vegetables" */ = {
			isa = XCConfigurationList;
			buildConfigurations = (
				64A9B0D81A4EB3C4006C1C5D /* Debug */,
				64A9B0D91A4EB3C4006C1C5D /* Release */,
			);
			defaultConfigurationIsVisible = 0;
			defaultConfigurationName = Release;
		};
		64A9B0DA1A4EB3C4006C1C5D /* Build configuration list for PBXNativeTarget "Vegetables" */ = {
			isa = XCConfigurationList;
			buildConfigurations = (
				64A9B0DB1A4EB3C4006C1C5D /* Debug */,
				64A9B0DC1A4EB3C4006C1C5D /* Release */,
			);
			defaultConfigurationIsVisible = 0;
		};
		64A9B0DD1A4EB3C4006C1C5D /* Build configuration list for PBXNativeTarget "VegetablesTests" */ = {
			isa = XCConfigurationList;
			buildConfigurations = (
				64A9B0DE1A4EB3C4006C1C5D /* Debug */,
				64A9B0DF1A4EB3C4006C1C5D /* Release */,
			);
			defaultConfigurationIsVisible = 0;
		};
/* End XCConfigurationList section */
	};
	rootObject = 64A9B0B31A4EB3C4006C1C5D /* Project object */;
}
